// !$*UTF8*$!
{
	archiveVersion = 1;
	classes = {
	};
	objectVersion = 55;
	objects = {

/* Begin PBXBuildFile section */
		2828DA8928193EEA00BB2A91 /* MyStartApp.swift in Sources */ = {isa = PBXBuildFile; fileRef = 2828DA8828193EEA00BB2A91 /* MyStartApp.swift */; };
		2828DA8D28193EEB00BB2A91 /* Assets.xcassets in Resources */ = {isa = PBXBuildFile; fileRef = 2828DA8C28193EEB00BB2A91 /* Assets.xcassets */; };
		2828DA9028193EEB00BB2A91 /* Preview Assets.xcassets in Resources */ = {isa = PBXBuildFile; fileRef = 2828DA8F28193EEB00BB2A91 /* Preview Assets.xcassets */; };
		2828DA9228193EEB00BB2A91 /* Persistence.swift in Sources */ = {isa = PBXBuildFile; fileRef = 2828DA9128193EEB00BB2A91 /* Persistence.swift */; };
		2828DA9528193EEB00BB2A91 /* MyStart.xcdatamodeld in Sources */ = {isa = PBXBuildFile; fileRef = 2828DA9328193EEB00BB2A91 /* MyStart.xcdatamodeld */; };
		28C24AAB281A4B3500B59618 /* lesson2.swift in Sources */ = {isa = PBXBuildFile; fileRef = 28C24AAA281A4B3500B59618 /* lesson2.swift */; };
/* End PBXBuildFile section */

/* Begin PBXFileReference section */
		2828DA8528193EEA00BB2A91 /* MyStart.app */ = {isa = PBXFileReference; explicitFileType = wrapper.application; includeInIndex = 0; path = MyStart.app; sourceTree = BUILT_PRODUCTS_DIR; };
		2828DA8828193EEA00BB2A91 /* MyStartApp.swift */ = {isa = PBXFileReference; lastKnownFileType = sourcecode.swift; path = MyStartApp.swift; sourceTree = "<group>"; };
		2828DA8C28193EEB00BB2A91 /* Assets.xcassets */ = {isa = PBXFileReference; lastKnownFileType = folder.assetcatalog; path = Assets.xcassets; sourceTree = "<group>"; };
		2828DA8F28193EEB00BB2A91 /* Preview Assets.xcassets */ = {isa = PBXFileReference; lastKnownFileType = folder.assetcatalog; path = "Preview Assets.xcassets"; sourceTree = "<group>"; };
		2828DA9128193EEB00BB2A91 /* Persistence.swift */ = {isa = PBXFileReference; lastKnownFileType = sourcecode.swift; path = Persistence.swift; sourceTree = "<group>"; };
		2828DA9428193EEB00BB2A91 /* MyStart.xcdatamodel */ = {isa = PBXFileReference; lastKnownFileType = wrapper.xcdatamodel; path = MyStart.xcdatamodel; sourceTree = "<group>"; };
		28C24AAA281A4B3500B59618 /* lesson2.swift */ = {isa = PBXFileReference; lastKnownFileType = sourcecode.swift; path = lesson2.swift; sourceTree = "<group>"; };
/* End PBXFileReference section */

/* Begin PBXFrameworksBuildPhase section */
		2828DA8228193EEA00BB2A91 /* Frameworks */ = {
			isa = PBXFrameworksBuildPhase;
			buildActionMask = 2147483647;
			files = (
			);
			runOnlyForDeploymentPostprocessing = 0;
		};
/* End PBXFrameworksBuildPhase section */

/* Begin PBXGroup section */
		2828DA7C28193EEA00BB2A91 = {
			isa = PBXGroup;
			children = (
				2828DA8728193EEA00BB2A91 /* MyStart */,
				2828DA8628193EEA00BB2A91 /* Products */,
			);
			sourceTree = "<group>";
		};
		2828DA8628193EEA00BB2A91 /* Products */ = {
			isa = PBXGroup;
			children = (
				2828DA8528193EEA00BB2A91 /* MyStart.app */,
			);
			name = Products;
			sourceTree = "<group>";
		};
		2828DA8728193EEA00BB2A91 /* MyStart */ = {
			isa = PBXGroup;
			children = (
				2828DA8828193EEA00BB2A91 /* MyStartApp.swift */,
				2828DA8C28193EEB00BB2A91 /* Assets.xcassets */,
				2828DA9128193EEB00BB2A91 /* Persistence.swift */,
				28C24AAA281A4B3500B59618 /* lesson2.swift */,
				2828DA9328193EEB00BB2A91 /* MyStart.xcdatamodeld */,
				2828DA8E28193EEB00BB2A91 /* Preview Content */,
			);
			path = MyStart;
			sourceTree = "<group>";
		};
		2828DA8E28193EEB00BB2A91 /* Preview Content */ = {
			isa = PBXGroup;
			children = (
				2828DA8F28193EEB00BB2A91 /* Preview Assets.xcassets */,
			);
			path = "Preview Content";
			sourceTree = "<group>";
		};
/* End PBXGroup section */

/* Begin PBXNativeTarget section */
		2828DA8428193EEA00BB2A91 /* MyStart */ = {
			isa = PBXNativeTarget;
			buildConfigurationList = 2828DA9828193EEB00BB2A91 /* Build configuration list for PBXNativeTarget "MyStart" */;
			buildPhases = (
				2828DA8128193EEA00BB2A91 /* Sources */,
				2828DA8228193EEA00BB2A91 /* Frameworks */,
				2828DA8328193EEA00BB2A91 /* Resources */,
			);
			buildRules = (
			);
			dependencies = (
			);
			name = MyStart;
			productName = MyStart;
			productReference = 2828DA8528193EEA00BB2A91 /* MyStart.app */;
			productType = "com.apple.product-type.application";
		};
/* End PBXNativeTarget section */

/* Begin PBXProject section */
		2828DA7D28193EEA00BB2A91 /* Project object */ = {
			isa = PBXProject;
			attributes = {
				BuildIndependentTargetsInParallel = 1;
				LastSwiftUpdateCheck = 1330;
				LastUpgradeCheck = 1330;
				TargetAttributes = {
					2828DA8428193EEA00BB2A91 = {
						CreatedOnToolsVersion = 13.3.1;
					};
				};
			};
			buildConfigurationList = 2828DA8028193EEA00BB2A91 /* Build configuration list for PBXProject "MyStart" */;
			compatibilityVersion = "Xcode 13.0";
			developmentRegion = en;
			hasScannedForEncodings = 0;
			knownRegions = (
				en,
				Base,
			);
			mainGroup = 2828DA7C28193EEA00BB2A91;
			productRefGroup = 2828DA8628193EEA00BB2A91 /* Products */;
			projectDirPath = "";
			projectRoot = "";
			targets = (
				2828DA8428193EEA00BB2A91 /* MyStart */,
			);
		};
/* End PBXProject section */

/* Begin PBXResourcesBuildPhase section */
		2828DA8328193EEA00BB2A91 /* Resources */ = {
			isa = PBXResourcesBuildPhase;
			buildActionMask = 2147483647;
			files = (
				2828DA9028193EEB00BB2A91 /* Preview Assets.xcassets in Resources */,
				2828DA8D28193EEB00BB2A91 /* Assets.xcassets in Resources */,
			);
			runOnlyForDeploymentPostprocessing = 0;
		};
/* End PBXResourcesBuildPhase section */

/* Begin PBXSourcesBuildPhase section */
		2828DA8128193EEA00BB2A91 /* Sources */ = {
			isa = PBXSourcesBuildPhase;
			buildActionMask = 2147483647;
			files = (
				2828DA9528193EEB00BB2A91 /* MyStart.xcdatamodeld in Sources */,
				2828DA9228193EEB00BB2A91 /* Persistence.swift in Sources */,
				28C24AAB281A4B3500B59618 /* lesson2.swift in Sources */,
				2828DA8928193EEA00BB2A91 /* MyStartApp.swift in Sources */,
			);
			runOnlyForDeploymentPostprocessing = 0;
		};
/* End PBXSourcesBuildPhase section */

/* Begin XCBuildConfiguration section */
		2828DA9628193EEB00BB2A91 /* Debug */ = {
			isa = XCBuildConfiguration;
			buildSettings = {
				ALWAYS_SEARCH_USER_PATHS = NO;
				CLANG_ANALYZER_NONNULL = YES;
				CLANG_ANALYZER_NUMBER_OBJECT_CONVERSION = YES_AGGRESSIVE;
				CLANG_CXX_LANGUAGE_STANDARD = "gnu++17";
				CLANG_ENABLE_MODULES = YES;
				CLANG_ENABLE_OBJC_ARC = YES;
				CLANG_ENABLE_OBJC_WEAK = YES;
				CLANG_WARN_BLOCK_CAPTURE_AUTORELEASING = YES;
				CLANG_WARN_BOOL_CONVERSION = YES;
				CLANG_WARN_COMMA = YES;
				CLANG_WARN_CONSTANT_CONVERSION = YES;
				CLANG_WARN_DEPRECATED_OBJC_IMPLEMENTATIONS = YES;
				CLANG_WARN_DIRECT_OBJC_ISA_USAGE = YES_ERROR;
				CLANG_WARN_DOCUMENTATION_COMMENTS = YES;
				CLANG_WARN_EMPTY_BODY = YES;
				CLANG_WARN_ENUM_CONVERSION = YES;
				CLANG_WARN_INFINITE_RECURSION = YES;
				CLANG_WARN_INT_CONVERSION = YES;
				CLANG_WARN_NON_LITERAL_NULL_CONVERSION = YES;
				CLANG_WARN_OBJC_IMPLICIT_RETAIN_SELF = YES;
				CLANG_WARN_OBJC_LITERAL_CONVERSION = YES;
				CLANG_WARN_OBJC_ROOT_CLASS = YES_ERROR;
				CLANG_WARN_QUOTED_INCLUDE_IN_FRAMEWORK_HEADER = YES;
				CLANG_WARN_RANGE_LOOP_ANALYSIS = YES;
				CLANG_WARN_STRICT_PROTOTYPES = YES;
				CLANG_WARN_SUSPICIOUS_MOVE = YES;
				CLANG_WARN_UNGUARDED_AVAILABILITY = YES_AGGRESSIVE;
				CLANG_WARN_UNREACHABLE_CODE = YES;
				CLANG_WARN__DUPLICATE_METHOD_MATCH = YES;
				COPY_PHASE_STRIP = NO;
				DEBUG_INFORMATION_FORMAT = dwarf;
				ENABLE_STRICT_OBJC_MSGSEND = YES;
				ENABLE_TESTABILITY = YES;
				GCC_C_LANGUAGE_STANDARD = gnu11;
				GCC_DYNAMIC_NO_PIC = NO;
				GCC_NO_COMMON_BLOCKS = YES;
				GCC_OPTIMIZATION_LEVEL = 0;
				GCC_PREPROCESSOR_DEFINITIONS = (
					"DEBUG=1",
					"$(inherited)",
				);
				GCC_WARN_64_TO_32_BIT_CONVERSION = YES;
				GCC_WARN_ABOUT_RETURN_TYPE = YES_ERROR;
				GCC_WARN_UNDECLARED_SELECTOR = YES;
				GCC_WARN_UNINITIALIZED_AUTOS = YES_AGGRESSIVE;
				GCC_WARN_UNUSED_FUNCTION = YES;
				GCC_WARN_UNUSED_VARIABLE = YES;
				IPHONEOS_DEPLOYMENT_TARGET = 15.4;
				MTL_ENABLE_DEBUG_INFO = INCLUDE_SOURCE;
				MTL_FAST_MATH = YES;
				ONLY_ACTIVE_ARCH = YES;
				SDKROOT = iphoneos;
				SWIFT_ACTIVE_COMPILATION_CONDITIONS = DEBUG;
				SWIFT_OPTIMIZATION_LEVEL = "-Onone";
			};
			name = Debug;
		};
		2828DA9728193EEB00BB2A91 /* Release */ = {
			isa = XCBuildConfiguration;
			buildSettings = {
				ALWAYS_SEARCH_USER_PATHS = NO;
				CLANG_ANALYZER_NONNULL = YES;
				CLANG_ANALYZER_NUMBER_OBJECT_CONVERSION = YES_AGGRESSIVE;
				CLANG_CXX_LANGUAGE_STANDARD = "gnu++17";
				CLANG_ENABLE_MODULES = YES;
				CLANG_ENABLE_OBJC_ARC = YES;
				CLANG_ENABLE_OBJC_WEAK = YES;
				CLANG_WARN_BLOCK_CAPTURE_AUTORELEASING = YES;
				CLANG_WARN_BOOL_CONVERSION = YES;
				CLANG_WARN_COMMA = YES;
				CLANG_WARN_CONSTANT_CONVERSION = YES;
				CLANG_WARN_DEPRECATED_OBJC_IMPLEMENTATIONS = YES;
				CLANG_WARN_DIRECT_OBJC_ISA_USAGE = YES_ERROR;
				CLANG_WARN_DOCUMENTATION_COMMENTS = YES;
				CLANG_WARN_EMPTY_BODY = YES;
				CLANG_WARN_ENUM_CONVERSION = YES;
				CLANG_WARN_INFINITE_RECURSION = YES;
				CLANG_WARN_INT_CONVERSION = YES;
				CLANG_WARN_NON_LITERAL_NULL_CONVERSION = YES;
				CLANG_WARN_OBJC_IMPLICIT_RETAIN_SELF = YES;
				CLANG_WARN_OBJC_LITERAL_CONVERSION = YES;
				CLANG_WARN_OBJC_ROOT_CLASS = YES_ERROR;
				CLANG_WARN_QUOTED_INCLUDE_IN_FRAMEWORK_HEADER = YES;
				CLANG_WARN_RANGE_LOOP_ANALYSIS = YES;
				CLANG_WARN_STRICT_PROTOTYPES = YES;
				CLANG_WARN_SUSPICIOUS_MOVE = YES;
				CLANG_WARN_UNGUARDED_AVAILABILITY = YES_AGGRESSIVE;
				CLANG_WARN_UNREACHABLE_CODE = YES;
				CLANG_WARN__DUPLICATE_METHOD_MATCH = YES;
				COPY_PHASE_STRIP = NO;
				DEBUG_INFORMATION_FORMAT = "dwarf-with-dsym";
				ENABLE_NS_ASSERTIONS = NO;
				ENABLE_STRICT_OBJC_MSGSEND = YES;
				GCC_C_LANGUAGE_STANDARD = gnu11;
				GCC_NO_COMMON_BLOCKS = YES;
				GCC_WARN_64_TO_32_BIT_CONVERSION = YES;
				GCC_WARN_ABOUT_RETURN_TYPE = YES_ERROR;
				GCC_WARN_UNDECLARED_SELECTOR = YES;
				GCC_WARN_UNINITIALIZED_AUTOS = YES_AGGRESSIVE;
				GCC_WARN_UNUSED_FUNCTION = YES;
				GCC_WARN_UNUSED_VARIABLE = YES;
				IPHONEOS_DEPLOYMENT_TARGET = 15.4;
				MTL_ENABLE_DEBUG_INFO = NO;
				MTL_FAST_MATH = YES;
				SDKROOT = iphoneos;
				SWIFT_COMPILATION_MODE = wholemodule;
				SWIFT_OPTIMIZATION_LEVEL = "-O";
				VALIDATE_PRODUCT = YES;
			};
			name = Release;
		};
		2828DA9928193EEB00BB2A91 /* Debug */ = {
			isa = XCBuildConfiguration;
			buildSettings = {
				ASSETCATALOG_COMPILER_APPICON_NAME = AppIcon;
				ASSETCATALOG_COMPILER_GLOBAL_ACCENT_COLOR_NAME = AccentColor;
				CODE_SIGN_STYLE = Automatic;
				CURRENT_PROJECT_VERSION = 1;
				DEVELOPMENT_ASSET_PATHS = "\"MyStart/Preview Content\"";
				DEVELOPMENT_TEAM = XQP4Q6TD9N;
				ENABLE_PREVIEWS = YES;
				GENERATE_INFOPLIST_FILE = YES;
				INFOPLIST_KEY_UIApplicationSceneManifest_Generation = YES;
				INFOPLIST_KEY_UIApplicationSupportsIndirectInputEvents = YES;
				INFOPLIST_KEY_UILaunchScreen_Generation = YES;
				INFOPLIST_KEY_UISupportedInterfaceOrientations_iPad = "UIInterfaceOrientationPortrait UIInterfaceOrientationPortraitUpsideDown UIInterfaceOrientationLandscapeLeft UIInterfaceOrientationLandscapeRight";
				INFOPLIST_KEY_UISupportedInterfaceOrientations_iPhone = "UIInterfaceOrientationPortrait UIInterfaceOrientationLandscapeLeft UIInterfaceOrientationLandscapeRight";
				LD_RUNPATH_SEARCH_PATHS = (
					"$(inherited)",
					"@executable_path/Frameworks",
				);
				MARKETING_VERSION = 1.0;
				PRODUCT_BUNDLE_IDENTIFIER = Playground.MyStart;
				PRODUCT_NAME = "$(TARGET_NAME)";
				SWIFT_EMIT_LOC_STRINGS = YES;
				SWIFT_VERSION = 5.0;
				TARGETED_DEVICE_FAMILY = "1,2";
			};
			name = Debug;
		};
		2828DA9A28193EEB00BB2A91 /* Release */ = {
			isa = XCBuildConfiguration;
			buildSettings = {
				ASSETCATALOG_COMPILER_APPICON_NAME = AppIcon;
				ASSETCATALOG_COMPILER_GLOBAL_ACCENT_COLOR_NAME = AccentColor;
				CODE_SIGN_STYLE = Automatic;
				CURRENT_PROJECT_VERSION = 1;
				DEVELOPMENT_ASSET_PATHS = "\"MyStart/Preview Content\"";
				DEVELOPMENT_TEAM = XQP4Q6TD9N;
				ENABLE_PREVIEWS = YES;
				GENERATE_INFOPLIST_FILE = YES;
				INFOPLIST_KEY_UIApplicationSceneManifest_Generation = YES;
				INFOPLIST_KEY_UIApplicationSupportsIndirectInputEvents = YES;
				INFOPLIST_KEY_UILaunchScreen_Generation = YES;
				INFOPLIST_KEY_UISupportedInterfaceOrientations_iPad = "UIInterfaceOrientationPortrait UIInterfaceOrientationPortraitUpsideDown UIInterfaceOrientationLandscapeLeft UIInterfaceOrientationLandscapeRight";
				INFOPLIST_KEY_UISupportedInterfaceOrientations_iPhone = "UIInterfaceOrientationPortrait UIInterfaceOrientationLandscapeLeft UIInterfaceOrientationLandscapeRight";
				LD_RUNPATH_SEARCH_PATHS = (
					"$(inherited)",
					"@executable_path/Frameworks",
				);
				MARKETING_VERSION = 1.0;
				PRODUCT_BUNDLE_IDENTIFIER = Playground.MyStart;
				PRODUCT_NAME = "$(TARGET_NAME)";
				SWIFT_EMIT_LOC_STRINGS = YES;
				SWIFT_VERSION = 5.0;
				TARGETED_DEVICE_FAMILY = "1,2";
			};
			name = Release;
		};
/* End XCBuildConfiguration section */

/* Begin XCConfigurationList section */
		2828DA8028193EEA00BB2A91 /* Build configuration list for PBXProject "MyStart" */ = {
			isa = XCConfigurationList;
			buildConfigurations = (
				2828DA9628193EEB00BB2A91 /* Debug */,
				2828DA9728193EEB00BB2A91 /* Release */,
			);
			defaultConfigurationIsVisible = 0;
			defaultConfigurationName = Release;
		};
		2828DA9828193EEB00BB2A91 /* Build configuration list for PBXNativeTarget "MyStart" */ = {
			isa = XCConfigurationList;
			buildConfigurations = (
				2828DA9928193EEB00BB2A91 /* Debug */,
				2828DA9A28193EEB00BB2A91 /* Release */,
			);
			defaultConfigurationIsVisible = 0;
			defaultConfigurationName = Release;
		};
/* End XCConfigurationList section */

/* Begin XCVersionGroup section */
		2828DA9328193EEB00BB2A91 /* MyStart.xcdatamodeld */ = {
			isa = XCVersionGroup;
			children = (
				2828DA9428193EEB00BB2A91 /* MyStart.xcdatamodel */,
			);
			currentVersion = 2828DA9428193EEB00BB2A91 /* MyStart.xcdatamodel */;
			path = MyStart.xcdatamodeld;
			sourceTree = "<group>";
			versionGroupType = wrapper.xcdatamodel;
		};
/* End XCVersionGroup section */
	};
	rootObject = 2828DA7D28193EEA00BB2A91 /* Project object */;
}
